
Microsoft Visual Studio Solution File, Format Version 12.00
Project("{FAE04EC0-301F-11D3-BF4B-00C04F79EFBC}") = "IAsyncEnumerable_Demo2", "IAsyncEnumerable_Demo2\IAsyncEnumerable_Demo2.csproj", "{2B674217-EF92-42B1-9BA7-2D18D6461EB4}"
EndProject
Global
	GlobalSection(SolutionConfigurationPlatforms) = preSolution
		Debug|Any CPU = Debug|Any CPU
		Release|Any CPU = Release|Any CPU
	EndGlobalSection
	GlobalSection(ProjectConfigurationPlatforms) = postSolution
		{2B674217-EF92-42B1-9BA7-2D18D6461EB4}.Debug|Any CPU.ActiveCfg = Debug|Any CPU
		{2B674217-EF92-42B1-9BA7-2D18D6461EB4}.Debug|Any CPU.Build.0 = Debug|Any CPU
		{2B674217-EF92-42B1-9BA7-2D18D6461EB4}.Release|Any CPU.ActiveCfg = Release|Any CPU
		{2B674217-EF92-42B1-9BA7-2D18D6461EB4}.Release|Any CPU.Build.0 = Release|Any CPU
	EndGlobalSection
EndGlobal
